
Microsoft Visual Studio Solution File, Format Version 12.00
# Visual Studio 15
VisualStudioVersion = 15.0.28010.2046
MinimumVisualStudioVersion = 10.0.40219.1
Project("{FAE04EC0-301F-11D3-BF4B-00C04F79EFBC}") = "TodoApi", "TodoApi\TodoApi.csproj", "{40B0A626-DE71-4973-8ED3-20CD6760721B}"
EndProject
Global
	GlobalSection(SolutionConfigurationPlatforms) = preSolution
		Debug|Any CPU = Debug|Any CPU
		Release|Any CPU = Release|Any CPU
	EndGlobalSection
	GlobalSection(ProjectConfigurationPlatforms) = postSolution
		{40B0A626-DE71-4973-8ED3-20CD6760721B}.Debug|Any CPU.ActiveCfg = Debug|Any CPU
		{40B0A626-DE71-4973-8ED3-20CD6760721B}.Debug|Any CPU.Build.0 = Debug|Any CPU
		{40B0A626-DE71-4973-8ED3-20CD6760721B}.Release|Any CPU.ActiveCfg = Release|Any CPU
		{40B0A626-DE71-4973-8ED3-20CD6760721B}.Release|Any CPU.Build.0 = Release|Any CPU
	EndGlobalSection
	GlobalSection(SolutionProperties) = preSolution
		HideSolutionNode = FALSE
	EndGlobalSection
	GlobalSection(ExtensibilityGlobals) = postSolution
		SolutionGuid = {0FBAD624-B635-4EEC-ABD2-1E806532015E}
	EndGlobalSection
EndGlobal
