
Microsoft Visual Studio Solution File, Format Version 12.00
# Visual Studio 15
VisualStudioVersion = 15.0.27703.2047
MinimumVisualStudioVersion = 10.0.40219.1
Project("{A07B5EB6-E848-4116-A8D0-A826331D98C6}") = "StatelessContainerService", "StatelessContainerService\StatelessContainerService.sfproj", "{7D0A8E5F-A1B7-4B6E-B059-83BD21C827E0}"
EndProject
Global
	GlobalSection(SolutionConfigurationPlatforms) = preSolution
		Debug|x64 = Debug|x64
		Release|x64 = Release|x64
	EndGlobalSection
	GlobalSection(ProjectConfigurationPlatforms) = postSolution
		{7D0A8E5F-A1B7-4B6E-B059-83BD21C827E0}.Debug|x64.ActiveCfg = Debug|x64
		{7D0A8E5F-A1B7-4B6E-B059-83BD21C827E0}.Debug|x64.Build.0 = Debug|x64
		{7D0A8E5F-A1B7-4B6E-B059-83BD21C827E0}.Debug|x64.Deploy.0 = Debug|x64
		{7D0A8E5F-A1B7-4B6E-B059-83BD21C827E0}.Release|x64.ActiveCfg = Release|x64
		{7D0A8E5F-A1B7-4B6E-B059-83BD21C827E0}.Release|x64.Build.0 = Release|x64
		{7D0A8E5F-A1B7-4B6E-B059-83BD21C827E0}.Release|x64.Deploy.0 = Release|x64
	EndGlobalSection
	GlobalSection(SolutionProperties) = preSolution
		HideSolutionNode = FALSE
	EndGlobalSection
	GlobalSection(ExtensibilityGlobals) = postSolution
		SolutionGuid = {ED42DDA7-92A2-4B88-9B07-5BC4068460BA}
	EndGlobalSection
EndGlobal
